
Microsoft Visual Studio Solution File, Format Version 12.00
# Visual Studio Version 17
VisualStudioVersion = 17.14.36221.1
MinimumVisualStudioVersion = 10.0.40219.1
Project("{E24C65DC-7377-472B-9ABA-BC803B73C61A}") = "Planning-Data-Management-System", ".", "{BE5A0671-C549-4EC5-AFBA-35BBE5A65192}"
	ProjectSection(WebsiteProperties) = preProject
		TargetFrameworkMoniker = ".NETFramework,Version%3Dv4.8"
		Debug.AspNetCompiler.VirtualPath = "/localhost_57534"
		Debug.AspNetCompiler.PhysicalPath = "..\Planning-Data-Management-System\"
		Debug.AspNetCompiler.TargetPath = "PrecompiledWeb\localhost_57534\"
		Debug.AspNetCompiler.Updateable = "true"
		Debug.AspNetCompiler.ForceOverwrite = "true"
		Debug.AspNetCompiler.FixedNames = "false"
		Debug.AspNetCompiler.Debug = "True"
		Release.AspNetCompiler.VirtualPath = "/localhost_57534"
		Release.AspNetCompiler.PhysicalPath = "..\Planning-Data-Management-System\"
		Release.AspNetCompiler.TargetPath = "PrecompiledWeb\localhost_57534\"
		Release.AspNetCompiler.Updateable = "true"
		Release.AspNetCompiler.ForceOverwrite = "true"
		Release.AspNetCompiler.FixedNames = "false"
		Release.AspNetCompiler.Debug = "False"
		VWDPort = "57534"
		SlnRelativePath = "..\Planning-Data-Management-System\"
	EndProjectSection
EndProject
Global
	GlobalSection(SolutionConfigurationPlatforms) = preSolution
		Debug|Any CPU = Debug|Any CPU
	EndGlobalSection
	GlobalSection(ProjectConfigurationPlatforms) = postSolution
		{BE5A0671-C549-4EC5-AFBA-35BBE5A65192}.Debug|Any CPU.ActiveCfg = Debug|Any CPU
		{BE5A0671-C549-4EC5-AFBA-35BBE5A65192}.Debug|Any CPU.Build.0 = Debug|Any CPU
	EndGlobalSection
	GlobalSection(SolutionProperties) = preSolution
		HideSolutionNode = FALSE
	EndGlobalSection
	GlobalSection(ExtensibilityGlobals) = postSolution
		SolutionGuid = {AEB77914-AACA-4430-B9F7-209EE74BD110}
	EndGlobalSection
EndGlobal
